// !$*UTF8*$!
{
	archiveVersion = 1;
	classes = {
	};
	objectVersion = 63;
	objects = {

/* Begin PBXBuildFile section */
		0E0E9A4A4B27415E11C789A8 /* StoreManager.swift in Sources */ = {isa = PBXBuildFile; fileRef = 75BB2C8ACC7A89773E64D2BC /* StoreManager.swift */; };
		0EBD1DAFE281DAEE88707185 /* PaywallScreen.swift in Sources */ = {isa = PBXBuildFile; fileRef = 1D60FAFDD018AEDFC66D7E4F /* PaywallScreen.swift */; };
		8C4111142F5AC14200A0ED86 /* PNLightConfig.swift in Sources */ = {isa = PBXBuildFile; fileRef = 8C4111132F5AC14200A0ED86 /* PNLightConfig.swift */; };
		939750532F2ECAC5B31DAFD0 /* PNLightSDK in Frameworks */ = {isa = PBXBuildFile; productRef = 2CA5078B7A25BC249A8FC904 /* PNLightSDK */; };
		DB447F78A940F286D7F84F8B /* App.swift in Sources */ = {isa = PBXBuildFile; fileRef = F8E4DA6B9E07D895D4CF92A0 /* App.swift */; };
		F4254D5FD97D2FE88630F7C1 /* ContentView.swift in Sources */ = {isa = PBXBuildFile; fileRef = CADA171AA9E7D5B5F69ACA0D /* ContentView.swift */; };
/* End PBXBuildFile section */

/* Begin PBXFileReference section */
		00739F9CC27D656992081DED /* PNLightExample.app */ = {isa = PBXFileReference; includeInIndex = 0; lastKnownFileType = wrapper.application; path = PNLightExample.app; sourceTree = BUILT_PRODUCTS_DIR; };
		05874CA18F4B5A2AF68AD6CC /* Info.plist */ = {isa = PBXFileReference; lastKnownFileType = text.plist; path = Info.plist; sourceTree = "<group>"; };
		1D60FAFDD018AEDFC66D7E4F /* PaywallScreen.swift */ = {isa = PBXFileReference; lastKnownFileType = sourcecode.swift; path = PaywallScreen.swift; sourceTree = "<group>"; };
		75BB2C8ACC7A89773E64D2BC /* StoreManager.swift */ = {isa = PBXFileReference; lastKnownFileType = sourcecode.swift; path = StoreManager.swift; sourceTree = "<group>"; };
		8C4111132F5AC14200A0ED86 /* PNLightConfig.swift */ = {isa = PBXFileReference; lastKnownFileType = sourcecode.swift; path = PNLightConfig.swift; sourceTree = "<group>"; };
		CADA171AA9E7D5B5F69ACA0D /* ContentView.swift */ = {isa = PBXFileReference; lastKnownFileType = sourcecode.swift; path = ContentView.swift; sourceTree = "<group>"; };
		F8E4DA6B9E07D895D4CF92A0 /* App.swift */ = {isa = PBXFileReference; lastKnownFileType = sourcecode.swift; path = App.swift; sourceTree = "<group>"; };
/* End PBXFileReference section */

/* Begin PBXFrameworksBuildPhase section */
		EDF6CF6D79510E9F3675CA17 /* Frameworks */ = {
			isa = PBXFrameworksBuildPhase;
			buildActionMask = 2147483647;
			files = (
				939750532F2ECAC5B31DAFD0 /* PNLightSDK in Frameworks */,
			);
			runOnlyForDeploymentPostprocessing = 0;
		};
/* End PBXFrameworksBuildPhase section */

/* Begin PBXGroup section */
		827B727C65BF34F9ADC05CDD /* Products */ = {
			isa = PBXGroup;
			children = (
				00739F9CC27D656992081DED /* PNLightExample.app */,
			);
			name = Products;
			sourceTree = "<group>";
		};
		EC314DE9ED9299744BAE3999 = {
			isa = PBXGroup;
			children = (
				F05C406B7B8F414DFFC211A3 /* PNLightExample */,
				827B727C65BF34F9ADC05CDD /* Products */,
			);
			sourceTree = "<group>";
		};
		F05C406B7B8F414DFFC211A3 /* PNLightExample */ = {
			isa = PBXGroup;
			children = (
				8C4111132F5AC14200A0ED86 /* PNLightConfig.swift */,
				F8E4DA6B9E07D895D4CF92A0 /* App.swift */,
				CADA171AA9E7D5B5F69ACA0D /* ContentView.swift */,
				05874CA18F4B5A2AF68AD6CC /* Info.plist */,
				1D60FAFDD018AEDFC66D7E4F /* PaywallScreen.swift */,
				75BB2C8ACC7A89773E64D2BC /* StoreManager.swift */,
			);
			path = PNLightExample;
			sourceTree = "<group>";
		};
/* End PBXGroup section */

/* Begin PBXNativeTarget section */
		87DFD0AD59980F2B906553EB /* PNLightExample */ = {
			isa = PBXNativeTarget;
			buildConfigurationList = B196D2D25D305749B65E5530 /* Build configuration list for PBXNativeTarget "PNLightExample" */;
			buildPhases = (
				549823FA5E02E8AD5A6A1F06 /* Sources */,
				EDF6CF6D79510E9F3675CA17 /* Frameworks */,
			);
			buildRules = (
			);
			dependencies = (
			);
			name = PNLightExample;
			packageProductDependencies = (
				2CA5078B7A25BC249A8FC904 /* PNLightSDK */,
			);
			productName = PNLightExample;
			productReference = 00739F9CC27D656992081DED /* PNLightExample.app */;
			productType = "com.apple.product-type.application";
		};
/* End PBXNativeTarget section */

/* Begin PBXProject section */
		BBE5798301A1C07E74541344 /* Project object */ = {
			isa = PBXProject;
			attributes = {
				BuildIndependentTargetsInParallel = YES;
				LastUpgradeCheck = 1500;
			};
			buildConfigurationList = 9DAD512D71BF71FFF63C9609 /* Build configuration list for PBXProject "PNLightExample" */;
			compatibilityVersion = "Xcode 14.0";
			developmentRegion = en;
			hasScannedForEncodings = 0;
			knownRegions = (
				Base,
				en,
			);
			mainGroup = EC314DE9ED9299744BAE3999;
			minimizedProjectReferenceProxies = 1;
			packageReferences = (
				26F10957AB961E8148ADEC8C /* XCLocalSwiftPackageReference "../.." */,
			);
			projectDirPath = "";
			projectRoot = "";
			targets = (
				87DFD0AD59980F2B906553EB /* PNLightExample */,
			);
		};
/* End PBXProject section */

/* Begin PBXSourcesBuildPhase section */
		549823FA5E02E8AD5A6A1F06 /* Sources */ = {
			isa = PBXSourcesBuildPhase;
			buildActionMask = 2147483647;
			files = (
				DB447F78A940F286D7F84F8B /* App.swift in Sources */,
				F4254D5FD97D2FE88630F7C1 /* ContentView.swift in Sources */,
				0EBD1DAFE281DAEE88707185 /* PaywallScreen.swift in Sources */,
				8C4111142F5AC14200A0ED86 /* PNLightConfig.swift in Sources */,
				0E0E9A4A4B27415E11C789A8 /* StoreManager.swift in Sources */,
			);
			runOnlyForDeploymentPostprocessing = 0;
		};
/* End PBXSourcesBuildPhase section */

/* Begin XCBuildConfiguration section */
		10FED79490062B1C0B43099B /* Release */ = {
			isa = XCBuildConfiguration;
			buildSettings = {
				ALWAYS_SEARCH_USER_PATHS = NO;
				CLANG_ANALYZER_NONNULL = YES;
				CLANG_ANALYZER_NUMBER_OBJECT_CONVERSION = YES_AGGRESSIVE;
				CLANG_CXX_LANGUAGE_STANDARD = "gnu++14";
				CLANG_CXX_LIBRARY = "libc++";
				CLANG_ENABLE_MODULES = YES;
				CLANG_ENABLE_OBJC_ARC = YES;
				CLANG_ENABLE_OBJC_WEAK = YES;
				CLANG_WARN_BLOCK_CAPTURE_AUTORELEASING = YES;
				CLANG_WARN_BOOL_CONVERSION = YES;
				CLANG_WARN_COMMA = YES;
				CLANG_WARN_CONSTANT_CONVERSION = YES;
				CLANG_WARN_DEPRECATED_OBJC_IMPLEMENTATIONS = YES;
				CLANG_WARN_DIRECT_OBJC_ISA_USAGE = YES_ERROR;
				CLANG_WARN_DOCUMENTATION_COMMENTS = YES;
				CLANG_WARN_EMPTY_BODY = YES;
				CLANG_WARN_ENUM_CONVERSION = YES;
				CLANG_WARN_INFINITE_RECURSION = YES;
				CLANG_WARN_INT_CONVERSION = YES;
				CLANG_WARN_NON_LITERAL_NULL_CONVERSION = YES;
				CLANG_WARN_OBJC_IMPLICIT_RETAIN_SELF = YES;
				CLANG_WARN_OBJC_LITERAL_CONVERSION = YES;
				CLANG_WARN_OBJC_ROOT_CLASS = YES_ERROR;
				CLANG_WARN_QUOTED_INCLUDE_IN_FRAMEWORK_HEADER = YES;
				CLANG_WARN_RANGE_LOOP_ANALYSIS = YES;
				CLANG_WARN_STRICT_PROTOTYPES = YES;
				CLANG_WARN_SUSPICIOUS_MOVE = YES;
				CLANG_WARN_UNGUARDED_AVAILABILITY = YES_AGGRESSIVE;
				CLANG_WARN_UNREACHABLE_CODE = YES;
				CLANG_WARN__DUPLICATE_METHOD_MATCH = YES;
				COPY_PHASE_STRIP = NO;
				DEBUG_INFORMATION_FORMAT = "dwarf-with-dsym";
				ENABLE_NS_ASSERTIONS = NO;
				ENABLE_STRICT_OBJC_MSGSEND = YES;
				GCC_C_LANGUAGE_STANDARD = gnu11;
				GCC_NO_COMMON_BLOCKS = YES;
				GCC_WARN_64_TO_32_BIT_CONVERSION = YES;
				GCC_WARN_ABOUT_RETURN_TYPE = YES_ERROR;
				GCC_WARN_UNDECLARED_SELECTOR = YES;
				GCC_WARN_UNINITIALIZED_AUTOS = YES_AGGRESSIVE;
				GCC_WARN_UNUSED_FUNCTION = YES;
				GCC_WARN_UNUSED_VARIABLE = YES;
				IPHONEOS_DEPLOYMENT_TARGET = 16.0;
				MTL_ENABLE_DEBUG_INFO = NO;
				MTL_FAST_MATH = YES;
				PRODUCT_NAME = "$(TARGET_NAME)";
				SDKROOT = iphoneos;
				SWIFT_COMPILATION_MODE = wholemodule;
				SWIFT_OPTIMIZATION_LEVEL = "-O";
				SWIFT_VERSION = 5.0;
			};
			name = Release;
		};
		66E3AB3D12E3C6D97EA21B63 /* Debug */ = {
			isa = XCBuildConfiguration;
			buildSettings = {
				ASSETCATALOG_COMPILER_APPICON_NAME = AppIcon;
				CODE_SIGN_IDENTITY = "iPhone Developer";
				CURRENT_PROJECT_VERSION = 1;
				INFOPLIST_FILE = PNLightExample/Info.plist;
				IPHONEOS_DEPLOYMENT_TARGET = 16.0;
				LD_RUNPATH_SEARCH_PATHS = (
					"$(inherited)",
					"@executable_path/Frameworks",
				);
				MARKETING_VERSION = 1.0;
				PRODUCT_BUNDLE_IDENTIFIER = "com.example.pnlight-example";
				SDKROOT = iphoneos;
				SWIFT_VERSION = 5.9;
				TARGETED_DEVICE_FAMILY = "1,2";
			};
			name = Debug;
		};
		B0B4F86097A65577B61A985F /* Release */ = {
			isa = XCBuildConfiguration;
			buildSettings = {
				ASSETCATALOG_COMPILER_APPICON_NAME = AppIcon;
				CODE_SIGN_IDENTITY = "iPhone Developer";
				CURRENT_PROJECT_VERSION = 1;
				INFOPLIST_FILE = PNLightExample/Info.plist;
				IPHONEOS_DEPLOYMENT_TARGET = 16.0;
				LD_RUNPATH_SEARCH_PATHS = (
					"$(inherited)",
					"@executable_path/Frameworks",
				);
				MARKETING_VERSION = 1.0;
				PRODUCT_BUNDLE_IDENTIFIER = "com.example.pnlight-example";
				SDKROOT = iphoneos;
				SWIFT_VERSION = 5.9;
				TARGETED_DEVICE_FAMILY = "1,2";
			};
			name = Release;
		};
		F6E68765BEFE0CAF8716985D /* Debug */ = {
			isa = XCBuildConfiguration;
			buildSettings = {
				ALWAYS_SEARCH_USER_PATHS = NO;
				CLANG_ANALYZER_NONNULL = YES;
				CLANG_ANALYZER_NUMBER_OBJECT_CONVERSION = YES_AGGRESSIVE;
				CLANG_CXX_LANGUAGE_STANDARD = "gnu++14";
				CLANG_CXX_LIBRARY = "libc++";
				CLANG_ENABLE_MODULES = YES;
				CLANG_ENABLE_OBJC_ARC = YES;
				CLANG_ENABLE_OBJC_WEAK = YES;
				CLANG_WARN_BLOCK_CAPTURE_AUTORELEASING = YES;
				CLANG_WARN_BOOL_CONVERSION = YES;
				CLANG_WARN_COMMA = YES;
				CLANG_WARN_CONSTANT_CONVERSION = YES;
				CLANG_WARN_DEPRECATED_OBJC_IMPLEMENTATIONS = YES;
				CLANG_WARN_DIRECT_OBJC_ISA_USAGE = YES_ERROR;
				CLANG_WARN_DOCUMENTATION_COMMENTS = YES;
				CLANG_WARN_EMPTY_BODY = YES;
				CLANG_WARN_ENUM_CONVERSION = YES;
				CLANG_WARN_INFINITE_RECURSION = YES;
				CLANG_WARN_INT_CONVERSION = YES;
				CLANG_WARN_NON_LITERAL_NULL_CONVERSION = YES;
				CLANG_WARN_OBJC_IMPLICIT_RETAIN_SELF = YES;
				CLANG_WARN_OBJC_LITERAL_CONVERSION = YES;
				CLANG_WARN_OBJC_ROOT_CLASS = YES_ERROR;
				CLANG_WARN_QUOTED_INCLUDE_IN_FRAMEWORK_HEADER = YES;
				CLANG_WARN_RANGE_LOOP_ANALYSIS = YES;
				CLANG_WARN_STRICT_PROTOTYPES = YES;
				CLANG_WARN_SUSPICIOUS_MOVE = YES;
				CLANG_WARN_UNGUARDED_AVAILABILITY = YES_AGGRESSIVE;
				CLANG_WARN_UNREACHABLE_CODE = YES;
				CLANG_WARN__DUPLICATE_METHOD_MATCH = YES;
				COPY_PHASE_STRIP = NO;
				DEBUG_INFORMATION_FORMAT = dwarf;
				ENABLE_STRICT_OBJC_MSGSEND = YES;
				ENABLE_TESTABILITY = YES;
				GCC_C_LANGUAGE_STANDARD = gnu11;
				GCC_DYNAMIC_NO_PIC = NO;
				GCC_NO_COMMON_BLOCKS = YES;
				GCC_OPTIMIZATION_LEVEL = 0;
				GCC_PREPROCESSOR_DEFINITIONS = (
					"$(inherited)",
					"DEBUG=1",
				);
				GCC_WARN_64_TO_32_BIT_CONVERSION = YES;
				GCC_WARN_ABOUT_RETURN_TYPE = YES_ERROR;
				GCC_WARN_UNDECLARED_SELECTOR = YES;
				GCC_WARN_UNINITIALIZED_AUTOS = YES_AGGRESSIVE;
				GCC_WARN_UNUSED_FUNCTION = YES;
				GCC_WARN_UNUSED_VARIABLE = YES;
				IPHONEOS_DEPLOYMENT_TARGET = 16.0;
				MTL_ENABLE_DEBUG_INFO = INCLUDE_SOURCE;
				MTL_FAST_MATH = YES;
				ONLY_ACTIVE_ARCH = YES;
				PRODUCT_NAME = "$(TARGET_NAME)";
				SDKROOT = iphoneos;
				SWIFT_ACTIVE_COMPILATION_CONDITIONS = DEBUG;
				SWIFT_OPTIMIZATION_LEVEL = "-Onone";
				SWIFT_VERSION = 5.0;
			};
			name = Debug;
		};
/* End XCBuildConfiguration section */

/* Begin XCConfigurationList section */
		9DAD512D71BF71FFF63C9609 /* Build configuration list for PBXProject "PNLightExample" */ = {
			isa = XCConfigurationList;
			buildConfigurations = (
				F6E68765BEFE0CAF8716985D /* Debug */,
				10FED79490062B1C0B43099B /* Release */,
			);
			defaultConfigurationIsVisible = 0;
			defaultConfigurationName = Debug;
		};
		B196D2D25D305749B65E5530 /* Build configuration list for PBXNativeTarget "PNLightExample" */ = {
			isa = XCConfigurationList;
			buildConfigurations = (
				66E3AB3D12E3C6D97EA21B63 /* Debug */,
				B0B4F86097A65577B61A985F /* Release */,
			);
			defaultConfigurationIsVisible = 0;
			defaultConfigurationName = Debug;
		};
/* End XCConfigurationList section */

/* Begin XCLocalSwiftPackageReference section */
		26F10957AB961E8148ADEC8C /* XCLocalSwiftPackageReference "../.." */ = {
			isa = XCLocalSwiftPackageReference;
			relativePath = "../..";
		};
/* End XCLocalSwiftPackageReference section */

/* Begin XCSwiftPackageProductDependency section */
		2CA5078B7A25BC249A8FC904 /* PNLightSDK */ = {
			isa = XCSwiftPackageProductDependency;
			package = 26F10957AB961E8148ADEC8C /* XCLocalSwiftPackageReference "../.." */;
			productName = PNLightSDK;
		};
/* End XCSwiftPackageProductDependency section */
	};
	rootObject = BBE5798301A1C07E74541344 /* Project object */;
}
